hash: b45df3453fc0e8aa66b256cc59ed1cc8f0875a7927a694e736403fda2ec16a3b
updated: 2017-08-25T22:36:23.927696273+03:00
imports:
- name: github.com/ant0ine/go-json-rest
  version: ce4b71cdf7ba29ef443d704bd923f5bbf281ee30
  subpackages:
  - rest
  - rest/trie
- name: github.com/astaxie/beego
  version: d96289a81bf67728cff7a19b067aaecc65a62ec6
  subpackages:
  - config
  - context
  - context/param
  - grace
  - logs
  - session
  - toolbox
  - utils
- name: github.com/bmizerany/pat
  version: 6226ea591a40176dd3ff9cd8eff81ed6ca721a00
- name: github.com/codegangsta/inject
  version: 33e0aa1cb7c019ccc3fbe049a8262a6403d30504
- name: github.com/dimfeld/httptreemux
  version: 90654bdd3dfc3cac55538aa620f2f4d855bbdb83
- name: github.com/DVI-GI-2017/Jira__backend
  version: 8d5073206a9c472a634315442b2ed031fb0ed216
  subpackages:
  - mux
- name: github.com/emicklei/go-restful
  version: 68c9750c36bb8cb433f1b88c807b4b30df4acc40
  subpackages:
  - log
- name: github.com/gin-contrib/sse
  version: 22d885f9ecc78bf4ee5d72b937e4bbcdc58e8cae
- name: github.com/gin-gonic/gin
  version: 18b7c0892df51ba799473e57fd3d65f91c1c3aaf
  subpackages:
  - binding
  - json
  - render
- name: github.com/go-macaron/inject
  version: d8a0b8677191f4380287cfebd08e462217bac7ad
- name: github.com/go-macaron/macaron
  version: 97f995df0bf34ca1a77c00704c9278476275566b
- name: github.com/go-martini/martini
  version: 22fa46961aabd2665cf3f1343b146d20028f5071
- name: github.com/go-playground/form
  version: a852958e6bc0e555a59b0dadaabd8d4398841c67
- name: github.com/go-playground/lars
  version: e8bf16b42bf73db42f89931b27961a3d391f947b
- name: github.com/go-zoo/bone
  version: 031b4005dfe248ccba241a0c9de0f9e112fd6b7c
- name: github.com/gocraft/web
  version: 6a73d2f729df8199aca71885fbc470a5576a29d2
- name: github.com/golang/protobuf
  version: ab9f9a6dab164b7d1246e0e688b0ab7b94d8553e
  subpackages:
  - proto
- name: github.com/gorilla/context
  version: 08b5f424b9271eedf6f9f0ce86cb9396ed337a42
- name: github.com/gorilla/mux
  version: bcd8bc72b08df0f70df986b97f95590779502d31
- name: github.com/gorilla/websocket
  version: a69d9f6de432e2c6b296a947d8a5ee88f68522cf
- name: github.com/gravitational/trace
  version: 640274f75816ce3975e730e844290c14936f6288
- name: github.com/jonboulle/clockwork
  version: bcac9884e7502bb2b474c0339d889cb981a2f27f
- name: github.com/json-iterator/go
  version: 2dc0031b26575ddf5dab09ab7795105a05575473
- name: github.com/julienschmidt/httprouter
  version: 975b5c4c7c21c0e3d2764200bf2aa8e34657ae6e
- name: github.com/labstack/echo
  version: cec7629194fe4bf83b0c72d9a02d340c7a1468ac
- name: github.com/labstack/gommon
  version: 779b8a8b9850a97acba6a3fe20feb628c39e17c1
  subpackages:
  - color
  - log
- name: github.com/lunny/log
  version: 7887c61bf0de75586961948b286be6f7d05d9f58
- name: github.com/lunny/tango
  version: f1dca92a70d24a5be73cc342b9e80c05a4864b61
- name: github.com/mailgun/route
  version: 61904570391bdf22252f8e376b49a57593d9124c
- name: github.com/mattn/go-colorable
  version: ad5389df28cdac544c99bd7b9161a0b5b6ca9d1b
- name: github.com/mattn/go-isatty
  version: fc9e8d8ef48496124e79ae0df75490096eccf6fe
- name: github.com/mikespook/possum
  version: 56d7ebb6470b670001632b11be7fc089038f4dd7
  subpackages:
  - router
  - session
  - view
- name: github.com/naoina/denco
  version: a2656d3ed566ac9912ba18fcfc942c562d9463c7
- name: github.com/naoina/kocha-urlrouter
  version: ad3a6f079210b998b69308c37d7a9b10ba4a477d
  subpackages:
  - doublearray
- name: github.com/oxtoacart/bpool
  version: 4e1c5567d7c2dd59fa4c7c83d34c2f3528b025d6
- name: github.com/philhofer/fwd
  version: 1612a298117663d7bc9a760ae20d383413859798
- name: github.com/pilu/config
  version: 3eb99e6c0b9a2dae0f56f05552c06ca5a643919b
- name: github.com/pilu/traffic
  version: bccecb6def5c1d1eea8514b3e1cb7f2371571d8e
- name: github.com/plimble/ace
  version: 1bab4fdfa8bce73975d852c2abbf141543701ac7
- name: github.com/plimble/sessions
  version: 9b87d5a817e27cd53d02ea97c30603626a9c579b
- name: github.com/plimble/utils
  version: fe08d46675cd09e170c0fb6b7b4e4587e14d0451
  subpackages:
  - pool
- name: github.com/rcrowley/go-metrics
  version: 1f30fe9094a513ce4c700b9a54458bbb0c96996c
- name: github.com/rcrowley/go-tigertonic
  version: fe6b9f080eb79c071836be5c3e2e534dbdbcddd6
- name: github.com/satori/go.uuid
  version: 5bf94b69c6b68ee1b541973bb8e1144db23a194b
- name: github.com/sirupsen/logrus
  version: 89742aefa4b206dcf400792f3bd35b542998eb3b
- name: github.com/tinylib/msgp
  version: bfa68fe30b555b40d68871606ee725537f8023a1
  subpackages:
  - msgp
- name: github.com/typepress/rivet
  version: d62b4fcaf6b9766638d1eb0c41d8a3af7813fc48
- name: github.com/ugorji/go
  version: 5efa3251c7f7d05e5d9704a69a984ec9f1386a40
  subpackages:
  - codec
- name: github.com/Unknwon/com
  version: 7677a1d7c1137cd3dd5ba7a076d0c898a1ef4520
- name: github.com/ursiform/bear
  version: 00ea7058124d03e239c5446a6cce4f9cf6f5bb0e
- name: github.com/valyala/bytebufferpool
  version: e746df99fe4a3986f4d4f79e13c1e0117ce9c2f7
- name: github.com/valyala/fasttemplate
  version: dcecefd839c4193db0d35b88ec65b4c12d360ab0
- name: github.com/vanng822/r2router
  version: 1023140a4f309480a35668e695deda550100f502
- name: github.com/vulcand/predicate
  version: 939c094524d124c55fa8afe0e077701db4a865e2
- name: github.com/zenazn/goji
  version: c05078ca81941f8e801bba3ddc0e6b86b7fdc893
  subpackages:
  - web
- name: goji.io
  version: 0d89ff54b2c18c9c4ba530e32496aef902d3c6cd
  subpackages:
  - internal
  - pat
  - pattern
- name: golang.org/x/crypto
  version: eb71ad9bd329b5ac0fd0148dd99bd62e8be8e035
  subpackages:
  - acme
  - acme/autocert
  - pbkdf2
  - ssh/terminal
- name: golang.org/x/net
  version: 57efc9c3d9f91fb3277f8da1cff370539c4d3dc5
  subpackages:
  - context
  - websocket
- name: golang.org/x/sys
  version: 22e23b74325bf60e4cc1ce7bdc157eda0d8b5c13
  subpackages:
  - unix
  - windows
- name: gopkg.in/fsnotify.v1
  version: 629574ca2a5df945712d3079857300b5e4da0236
- name: gopkg.in/go-playground/validator.v8
  version: 5f1438d3fca68893a817e4a66806cea46a9e4ebf
- name: gopkg.in/ini.v1
  version: 20b96f641a5ea98f2f8619ff4f3e061cff4833bd
- name: gopkg.in/yaml.v2
  version: eb3733d160e74a9c7e442f435eb3bea458e1d19f
testImports: []
